
Microsoft Visual Studio Solution File, Format Version 12.00
# Visual Studio Version 17
VisualStudioVersion = 17.5.33414.496
MinimumVisualStudioVersion = 10.0.40219.1
Project("{F2A71F9B-5D33-465A-A702-920D77279786}") = "LambdaInterpreter", "LambdaInterpreter\LambdaInterpreter.fsproj", "{60B85FE6-52AD-4B81-AE32-42A8B6471FBE}"
EndProject
Project("{F2A71F9B-5D33-465A-A702-920D77279786}") = "LambdaInterpreterTest", "LambdaInterpreterTest\LambdaInterpreterTest.fsproj", "{7300B815-50BB-4A3D-BEDE-DEF385C78E8F}"
EndProject
Global
	GlobalSection(SolutionConfigurationPlatforms) = preSolution
		Debug|Any CPU = Debug|Any CPU
		Release|Any CPU = Release|Any CPU
	EndGlobalSection
	GlobalSection(ProjectConfigurationPlatforms) = postSolution
		{60B85FE6-52AD-4B81-AE32-42A8B6471FBE}.Debug|Any CPU.ActiveCfg = Debug|Any CPU
		{60B85FE6-52AD-4B81-AE32-42A8B6471FBE}.Debug|Any CPU.Build.0 = Debug|Any CPU
		{60B85FE6-52AD-4B81-AE32-42A8B6471FBE}.Release|Any CPU.ActiveCfg = Release|Any CPU
		{60B85FE6-52AD-4B81-AE32-42A8B6471FBE}.Release|Any CPU.Build.0 = Release|Any CPU
		{7300B815-50BB-4A3D-BEDE-DEF385C78E8F}.Debug|Any CPU.ActiveCfg = Debug|Any CPU
		{7300B815-50BB-4A3D-BEDE-DEF385C78E8F}.Debug|Any CPU.Build.0 = Debug|Any CPU
		{7300B815-50BB-4A3D-BEDE-DEF385C78E8F}.Release|Any CPU.ActiveCfg = Release|Any CPU
		{7300B815-50BB-4A3D-BEDE-DEF385C78E8F}.Release|Any CPU.Build.0 = Release|Any CPU
	EndGlobalSection
	GlobalSection(SolutionProperties) = preSolution
		HideSolutionNode = FALSE
	EndGlobalSection
	GlobalSection(ExtensibilityGlobals) = postSolution
		SolutionGuid = {054F30C5-741A-4486-97BC-88196B8CD422}
	EndGlobalSection
EndGlobal
