
Microsoft Visual Studio Solution File, Format Version 12.00
# Visual Studio Version 17
VisualStudioVersion = 17.5.33414.496
MinimumVisualStudioVersion = 10.0.40219.1
Project("{F2A71F9B-5D33-465A-A702-920D77279786}") = "Workflows", "Workflows\Workflows.fsproj", "{228DBE41-75AD-445F-86C4-3BB51A430259}"
EndProject
Project("{F2A71F9B-5D33-465A-A702-920D77279786}") = "WorkflowsTest", "WorkflowsTest\WorkflowsTest.fsproj", "{FA16F3EB-51B0-4403-8337-17D33A1F7702}"
EndProject
Global
	GlobalSection(SolutionConfigurationPlatforms) = preSolution
		Debug|Any CPU = Debug|Any CPU
		Release|Any CPU = Release|Any CPU
	EndGlobalSection
	GlobalSection(ProjectConfigurationPlatforms) = postSolution
		{228DBE41-75AD-445F-86C4-3BB51A430259}.Debug|Any CPU.ActiveCfg = Debug|Any CPU
		{228DBE41-75AD-445F-86C4-3BB51A430259}.Debug|Any CPU.Build.0 = Debug|Any CPU
		{228DBE41-75AD-445F-86C4-3BB51A430259}.Release|Any CPU.ActiveCfg = Release|Any CPU
		{228DBE41-75AD-445F-86C4-3BB51A430259}.Release|Any CPU.Build.0 = Release|Any CPU
		{FA16F3EB-51B0-4403-8337-17D33A1F7702}.Debug|Any CPU.ActiveCfg = Debug|Any CPU
		{FA16F3EB-51B0-4403-8337-17D33A1F7702}.Debug|Any CPU.Build.0 = Debug|Any CPU
		{FA16F3EB-51B0-4403-8337-17D33A1F7702}.Release|Any CPU.ActiveCfg = Release|Any CPU
		{FA16F3EB-51B0-4403-8337-17D33A1F7702}.Release|Any CPU.Build.0 = Release|Any CPU
	EndGlobalSection
	GlobalSection(SolutionProperties) = preSolution
		HideSolutionNode = FALSE
	EndGlobalSection
	GlobalSection(ExtensibilityGlobals) = postSolution
		SolutionGuid = {A517497C-A7C1-4956-B038-4CAA42A0C7F6}
	EndGlobalSection
EndGlobal
