
Microsoft Visual Studio Solution File, Format Version 12.00
# Visual Studio Version 17
VisualStudioVersion = 17.5.33414.496
MinimumVisualStudioVersion = 10.0.40219.1
Project("{6EC3EE1D-3C4E-46DD-8F32-0CC8E7565705}") = "EvenNumbers", "EvenNumbers\EvenNumbers.fsproj", "{1D54CB62-F2B4-4EFE-833E-1E965A02918A}"
EndProject
Project("{F2A71F9B-5D33-465A-A702-920D77279786}") = "EvenNumbers.Tests", "EvenNumbers.Tests\EvenNumbers.Tests.fsproj", "{198F631A-DB10-40D9-8F81-F101118566A6}"
EndProject
Global
	GlobalSection(SolutionConfigurationPlatforms) = preSolution
		Debug|Any CPU = Debug|Any CPU
		Release|Any CPU = Release|Any CPU
	EndGlobalSection
	GlobalSection(ProjectConfigurationPlatforms) = postSolution
		{1D54CB62-F2B4-4EFE-833E-1E965A02918A}.Debug|Any CPU.ActiveCfg = Debug|Any CPU
		{1D54CB62-F2B4-4EFE-833E-1E965A02918A}.Debug|Any CPU.Build.0 = Debug|Any CPU
		{1D54CB62-F2B4-4EFE-833E-1E965A02918A}.Release|Any CPU.ActiveCfg = Release|Any CPU
		{1D54CB62-F2B4-4EFE-833E-1E965A02918A}.Release|Any CPU.Build.0 = Release|Any CPU
		{198F631A-DB10-40D9-8F81-F101118566A6}.Debug|Any CPU.ActiveCfg = Debug|Any CPU
		{198F631A-DB10-40D9-8F81-F101118566A6}.Debug|Any CPU.Build.0 = Debug|Any CPU
		{198F631A-DB10-40D9-8F81-F101118566A6}.Release|Any CPU.ActiveCfg = Release|Any CPU
		{198F631A-DB10-40D9-8F81-F101118566A6}.Release|Any CPU.Build.0 = Release|Any CPU
	EndGlobalSection
	GlobalSection(SolutionProperties) = preSolution
		HideSolutionNode = FALSE
	EndGlobalSection
	GlobalSection(ExtensibilityGlobals) = postSolution
		SolutionGuid = {6B0F46FB-C520-4093-AE11-D50C77DA35A1}
	EndGlobalSection
EndGlobal
